
Microsoft Visual Studio Solution File, Format Version 12.00
# Visual Studio Version 16
VisualStudioVersion = 16.0.31702.278
MinimumVisualStudioVersion = 10.0.40219.1
Project("{FAE04EC0-301F-11D3-BF4B-00C04F79EFBC}") = "StringFonksiyonlari", "StringFonksiyonlari.csproj", "{5C3E7857-CC6D-4239-B9BC-12D70FDB44FF}"
EndProject
Global
	GlobalSection(SolutionConfigurationPlatforms) = preSolution
		Debug|Any CPU = Debug|Any CPU
		Release|Any CPU = Release|Any CPU
	EndGlobalSection
	GlobalSection(ProjectConfigurationPlatforms) = postSolution
		{5C3E7857-CC6D-4239-B9BC-12D70FDB44FF}.Debug|Any CPU.ActiveCfg = Debug|Any CPU
		{5C3E7857-CC6D-4239-B9BC-12D70FDB44FF}.Debug|Any CPU.Build.0 = Debug|Any CPU
		{5C3E7857-CC6D-4239-B9BC-12D70FDB44FF}.Release|Any CPU.ActiveCfg = Release|Any CPU
		{5C3E7857-CC6D-4239-B9BC-12D70FDB44FF}.Release|Any CPU.Build.0 = Release|Any CPU
	EndGlobalSection
	GlobalSection(SolutionProperties) = preSolution
		HideSolutionNode = FALSE
	EndGlobalSection
	GlobalSection(ExtensibilityGlobals) = postSolution
		SolutionGuid = {5ADF573D-9C4E-4309-935E-98FD46E1DE44}
	EndGlobalSection
EndGlobal
