
Microsoft Visual Studio Solution File, Format Version 12.00
# Visual Studio Version 16
VisualStudioVersion = 16.0.31729.503
MinimumVisualStudioVersion = 10.0.40219.1
Project("{9A19103F-16F7-4668-BE54-9A1E7A4F7556}") = "LMS", "LMS.csproj", "{C06B49C8-C749-4D81-8A7A-17279945F303}"
EndProject
Project("{FAE04EC0-301F-11D3-BF4B-00C04F79EFBC}") = "LMS.Core", "..\LMS.Core\LMS.Core.csproj", "{5DA832C7-416C-4628-852C-F8CCB5290B48}"
EndProject
Project("{FAE04EC0-301F-11D3-BF4B-00C04F79EFBC}") = "LMS.Models", "..\LMS.Models\LMS.Models.csproj", "{FCE419EA-0FE9-4BAC-B673-6966FE7EEBF9}"
EndProject
Project("{FAE04EC0-301F-11D3-BF4B-00C04F79EFBC}") = "LMS.Data", "..\LMS.Data\LMS.Data.csproj", "{AE29169F-2DED-4056-AD08-CBAFAC12AAE3}"
EndProject
Project("{FAE04EC0-301F-11D3-BF4B-00C04F79EFBC}") = "LMS.BLL", "..\LMS.BLL\LMS.BLL.csproj", "{45F2EDD0-2089-4D78-9C75-315D94499BB1}"
EndProject
Global
	GlobalSection(SolutionConfigurationPlatforms) = preSolution
		Debug|Any CPU = Debug|Any CPU
		Release|Any CPU = Release|Any CPU
	EndGlobalSection
	GlobalSection(ProjectConfigurationPlatforms) = postSolution
		{C06B49C8-C749-4D81-8A7A-17279945F303}.Debug|Any CPU.ActiveCfg = Debug|Any CPU
		{C06B49C8-C749-4D81-8A7A-17279945F303}.Debug|Any CPU.Build.0 = Debug|Any CPU
		{C06B49C8-C749-4D81-8A7A-17279945F303}.Release|Any CPU.ActiveCfg = Release|Any CPU
		{C06B49C8-C749-4D81-8A7A-17279945F303}.Release|Any CPU.Build.0 = Release|Any CPU
		{5DA832C7-416C-4628-852C-F8CCB5290B48}.Debug|Any CPU.ActiveCfg = Debug|Any CPU
		{5DA832C7-416C-4628-852C-F8CCB5290B48}.Debug|Any CPU.Build.0 = Debug|Any CPU
		{5DA832C7-416C-4628-852C-F8CCB5290B48}.Release|Any CPU.ActiveCfg = Release|Any CPU
		{5DA832C7-416C-4628-852C-F8CCB5290B48}.Release|Any CPU.Build.0 = Release|Any CPU
		{FCE419EA-0FE9-4BAC-B673-6966FE7EEBF9}.Debug|Any CPU.ActiveCfg = Debug|Any CPU
		{FCE419EA-0FE9-4BAC-B673-6966FE7EEBF9}.Debug|Any CPU.Build.0 = Debug|Any CPU
		{FCE419EA-0FE9-4BAC-B673-6966FE7EEBF9}.Release|Any CPU.ActiveCfg = Release|Any CPU
		{FCE419EA-0FE9-4BAC-B673-6966FE7EEBF9}.Release|Any CPU.Build.0 = Release|Any CPU
		{AE29169F-2DED-4056-AD08-CBAFAC12AAE3}.Debug|Any CPU.ActiveCfg = Debug|Any CPU
		{AE29169F-2DED-4056-AD08-CBAFAC12AAE3}.Debug|Any CPU.Build.0 = Debug|Any CPU
		{AE29169F-2DED-4056-AD08-CBAFAC12AAE3}.Release|Any CPU.ActiveCfg = Release|Any CPU
		{AE29169F-2DED-4056-AD08-CBAFAC12AAE3}.Release|Any CPU.Build.0 = Release|Any CPU
		{45F2EDD0-2089-4D78-9C75-315D94499BB1}.Debug|Any CPU.ActiveCfg = Debug|Any CPU
		{45F2EDD0-2089-4D78-9C75-315D94499BB1}.Debug|Any CPU.Build.0 = Debug|Any CPU
		{45F2EDD0-2089-4D78-9C75-315D94499BB1}.Release|Any CPU.ActiveCfg = Release|Any CPU
		{45F2EDD0-2089-4D78-9C75-315D94499BB1}.Release|Any CPU.Build.0 = Release|Any CPU
	EndGlobalSection
	GlobalSection(SolutionProperties) = preSolution
		HideSolutionNode = FALSE
	EndGlobalSection
	GlobalSection(ExtensibilityGlobals) = postSolution
		SolutionGuid = {702C5991-8D14-415A-9CA8-289F75D2424B}
	EndGlobalSection
EndGlobal
